// !$*UTF8*$!
{
	archiveVersion = 1;
	classes = {
	};
	objectVersion = 46;
	objects = {

/* Begin PBXBuildFile section */
		B24363631A05E0D400CA11C4 /* AppDelegate.swift in Sources */ = {isa = PBXBuildFile; fileRef = B24363621A05E0D400CA11C4 /* AppDelegate.swift */; };
		B24363651A05E0D400CA11C4 /* ViewController.swift in Sources */ = {isa = PBXBuildFile; fileRef = B24363641A05E0D400CA11C4 /* ViewController.swift */; };
		B24363681A05E0D400CA11C4 /* Main.storyboard in Resources */ = {isa = PBXBuildFile; fileRef = B24363661A05E0D400CA11C4 /* Main.storyboard */; };
		B243636A1A05E0D400CA11C4 /* Images.xcassets in Resources */ = {isa = PBXBuildFile; fileRef = B24363691A05E0D400CA11C4 /* Images.xcassets */; };
		B243636D1A05E0D400CA11C4 /* LaunchScreen.xib in Resources */ = {isa = PBXBuildFile; fileRef = B243636B1A05E0D400CA11C4 /* LaunchScreen.xib */; };
		B24363791A05E0D400CA11C4 /* CalculatorTests.swift in Sources */ = {isa = PBXBuildFile; fileRef = B24363781A05E0D400CA11C4 /* CalculatorTests.swift */; };
/* End PBXBuildFile section */

/* Begin PBXContainerItemProxy section */
		B24363731A05E0D400CA11C4 /* PBXContainerItemProxy */ = {
			isa = PBXContainerItemProxy;
			containerPortal = B24363551A05E0D400CA11C4 /* Project object */;
			proxyType = 1;
			remoteGlobalIDString = B243635C1A05E0D400CA11C4;
			remoteInfo = Calculator;
		};
/* End PBXContainerItemProxy section */

/* Begin PBXFileReference section */
		B243635D1A05E0D400CA11C4 /* Calculator.app */ = {isa = PBXFileReference; explicitFileType = wrapper.application; includeInIndex = 0; path = Calculator.app; sourceTree = BUILT_PRODUCTS_DIR; };
		B24363611A05E0D400CA11C4 /* Info.plist */ = {isa = PBXFileReference; lastKnownFileType = text.plist.xml; path = Info.plist; sourceTree = "<group>"; };
		B24363621A05E0D400CA11C4 /* AppDelegate.swift */ = {isa = PBXFileReference; lastKnownFileType = sourcecode.swift; path = AppDelegate.swift; sourceTree = "<group>"; };
		B24363641A05E0D400CA11C4 /* ViewController.swift */ = {isa = PBXFileReference; lastKnownFileType = sourcecode.swift; path = ViewController.swift; sourceTree = "<group>"; };
		B24363671A05E0D400CA11C4 /* Base */ = {isa = PBXFileReference; lastKnownFileType = file.storyboard; name = Base; path = Base.lproj/Main.storyboard; sourceTree = "<group>"; };
		B24363691A05E0D400CA11C4 /* Images.xcassets */ = {isa = PBXFileReference; lastKnownFileType = folder.assetcatalog; path = Images.xcassets; sourceTree = "<group>"; };
		B243636C1A05E0D400CA11C4 /* Base */ = {isa = PBXFileReference; lastKnownFileType = file.xib; name = Base; path = Base.lproj/LaunchScreen.xib; sourceTree = "<group>"; };
		B24363721A05E0D400CA11C4 /* CalculatorTests.xctest */ = {isa = PBXFileReference; explicitFileType = wrapper.cfbundle; includeInIndex = 0; path = CalculatorTests.xctest; sourceTree = BUILT_PRODUCTS_DIR; };
		B24363771A05E0D400CA11C4 /* Info.plist */ = {isa = PBXFileReference; lastKnownFileType = text.plist.xml; path = Info.plist; sourceTree = "<group>"; };
		B24363781A05E0D400CA11C4 /* CalculatorTests.swift */ = {isa = PBXFileReference; lastKnownFileType = sourcecode.swift; path = CalculatorTests.swift; sourceTree = "<group>"; };
		B24363821A05E0EA00CA11C4 /* MyPlayground.playground */ = {isa = PBXFileReference; lastKnownFileType = file.playground; path = MyPlayground.playground; sourceTree = "<group>"; };
/* End PBXFileReference section */

/* Begin PBXFrameworksBuildPhase section */
		B243635A1A05E0D400CA11C4 /* Frameworks */ = {
			isa = PBXFrameworksBuildPhase;
			buildActionMask = 2147483647;
			files = (
			);
			runOnlyForDeploymentPostprocessing = 0;
		};
		B243636F1A05E0D400CA11C4 /* Frameworks */ = {
			isa = PBXFrameworksBuildPhase;
			buildActionMask = 2147483647;
			files = (
			);
			runOnlyForDeploymentPostprocessing = 0;
		};
/* End PBXFrameworksBuildPhase section */

/* Begin PBXGroup section */
		B24363541A05E0D400CA11C4 = {
			isa = PBXGroup;
			children = (
				B24363821A05E0EA00CA11C4 /* MyPlayground.playground */,
				B243635F1A05E0D400CA11C4 /* Calculator */,
				B24363751A05E0D400CA11C4 /* CalculatorTests */,
				B243635E1A05E0D400CA11C4 /* Products */,
			);
			sourceTree = "<group>";
		};
		B243635E1A05E0D400CA11C4 /* Products */ = {
			isa = PBXGroup;
			children = (
				B243635D1A05E0D400CA11C4 /* Calculator.app */,
				B24363721A05E0D400CA11C4 /* CalculatorTests.xctest */,
			);
			name = Products;
			sourceTree = "<group>";
		};
		B243635F1A05E0D400CA11C4 /* Calculator */ = {
			isa = PBXGroup;
			children = (
				B24363621A05E0D400CA11C4 /* AppDelegate.swift */,
				B24363641A05E0D400CA11C4 /* ViewController.swift */,
				B24363661A05E0D400CA11C4 /* Main.storyboard */,
				B24363691A05E0D400CA11C4 /* Images.xcassets */,
				B243636B1A05E0D400CA11C4 /* LaunchScreen.xib */,
				B24363601A05E0D400CA11C4 /* Supporting Files */,
			);
			path = Calculator;
			sourceTree = "<group>";
		};
		B24363601A05E0D400CA11C4 /* Supporting Files */ = {
			isa = PBXGroup;
			children = (
				B24363611A05E0D400CA11C4 /* Info.plist */,
			);
			name = "Supporting Files";
			sourceTree = "<group>";
		};
		B24363751A05E0D400CA11C4 /* CalculatorTests */ = {
			isa = PBXGroup;
			children = (
				B24363781A05E0D400CA11C4 /* CalculatorTests.swift */,
				B24363761A05E0D400CA11C4 /* Supporting Files */,
			);
			path = CalculatorTests;
			sourceTree = "<group>";
		};
		B24363761A05E0D400CA11C4 /* Supporting Files */ = {
			isa = PBXGroup;
			children = (
				B24363771A05E0D400CA11C4 /* Info.plist */,
			);
			name = "Supporting Files";
			sourceTree = "<group>";
		};
/* End PBXGroup section */

/* Begin PBXNativeTarget section */
		B243635C1A05E0D400CA11C4 /* Calculator */ = {
			isa = PBXNativeTarget;
			buildConfigurationList = B243637C1A05E0D400CA11C4 /* Build configuration list for PBXNativeTarget "Calculator" */;
			buildPhases = (
				B24363591A05E0D400CA11C4 /* Sources */,
				B243635A1A05E0D400CA11C4 /* Frameworks */,
				B243635B1A05E0D400CA11C4 /* Resources */,
			);
			buildRules = (
			);
			dependencies = (
			);
			name = Calculator;
			productName = Calculator;
			productReference = B243635D1A05E0D400CA11C4 /* Calculator.app */;
			productType = "com.apple.product-type.application";
		};
		B24363711A05E0D400CA11C4 /* CalculatorTests */ = {
			isa = PBXNativeTarget;
			buildConfigurationList = B243637F1A05E0D400CA11C4 /* Build configuration list for PBXNativeTarget "CalculatorTests" */;
			buildPhases = (
				B243636E1A05E0D400CA11C4 /* Sources */,
				B243636F1A05E0D400CA11C4 /* Frameworks */,
				B24363701A05E0D400CA11C4 /* Resources */,
			);
			buildRules = (
			);
			dependencies = (
				B24363741A05E0D400CA11C4 /* PBXTargetDependency */,
			);
			name = CalculatorTests;
			productName = CalculatorTests;
			productReference = B24363721A05E0D400CA11C4 /* CalculatorTests.xctest */;
			productType = "com.apple.product-type.bundle.unit-test";
		};
/* End PBXNativeTarget section */

/* Begin PBXProject section */
		B24363551A05E0D400CA11C4 /* Project object */ = {
			isa = PBXProject;
			attributes = {
				LastUpgradeCheck = 0610;
				ORGANIZATIONNAME = "Michael Guyer";
				TargetAttributes = {
					B243635C1A05E0D400CA11C4 = {
						CreatedOnToolsVersion = 6.1;
					};
					B24363711A05E0D400CA11C4 = {
						CreatedOnToolsVersion = 6.1;
						TestTargetID = B243635C1A05E0D400CA11C4;
					};
				};
			};
			buildConfigurationList = B24363581A05E0D400CA11C4 /* Build configuration list for PBXProject "Calculator" */;
			compatibilityVersion = "Xcode 3.2";
			developmentRegion = English;
			hasScannedForEncodings = 0;
			knownRegions = (
				en,
				Base,
			);
			mainGroup = B24363541A05E0D400CA11C4;
			productRefGroup = B243635E1A05E0D400CA11C4 /* Products */;
			projectDirPath = "";
			projectRoot = "";
			targets = (
				B243635C1A05E0D400CA11C4 /* Calculator */,
				B24363711A05E0D400CA11C4 /* CalculatorTests */,
			);
		};
/* End PBXProject section */

/* Begin PBXResourcesBuildPhase section */
		B243635B1A05E0D400CA11C4 /* Resources */ = {
			isa = PBXResourcesBuildPhase;
			buildActionMask = 2147483647;
			files = (
				B24363681A05E0D400CA11C4 /* Main.storyboard in Resources */,
				B243636D1A05E0D400CA11C4 /* LaunchScreen.xib in Resources */,
				B243636A1A05E0D400CA11C4 /* Images.xcassets in Resources */,
			);
			runOnlyForDeploymentPostprocessing = 0;
		};
		B24363701A05E0D400CA11C4 /* Resources */ = {
			isa = PBXResourcesBuildPhase;
			buildActionMask = 2147483647;
			files = (
			);
			runOnlyForDeploymentPostprocessing = 0;
		};
/* End PBXResourcesBuildPhase section */

/* Begin PBXSourcesBuildPhase section */
		B24363591A05E0D400CA11C4 /* Sources */ = {
			isa = PBXSourcesBuildPhase;
			buildActionMask = 2147483647;
			files = (
				B24363651A05E0D400CA11C4 /* ViewController.swift in Sources */,
				B24363631A05E0D400CA11C4 /* AppDelegate.swift in Sources */,
			);
			runOnlyForDeploymentPostprocessing = 0;
		};
		B243636E1A05E0D400CA11C4 /* Sources */ = {
			isa = PBXSourcesBuildPhase;
			buildActionMask = 2147483647;
			files = (
				B24363791A05E0D400CA11C4 /* CalculatorTests.swift in Sources */,
			);
			runOnlyForDeploymentPostprocessing = 0;
		};
/* End PBXSourcesBuildPhase section */

/* Begin PBXTargetDependency section */
		B24363741A05E0D400CA11C4 /* PBXTargetDependency */ = {
			isa = PBXTargetDependency;
			target = B243635C1A05E0D400CA11C4 /* Calculator */;
			targetProxy = B24363731A05E0D400CA11C4 /* PBXContainerItemProxy */;
		};
/* End PBXTargetDependency section */

/* Begin PBXVariantGroup section */
		B24363661A05E0D400CA11C4 /* Main.storyboard */ = {
			isa = PBXVariantGroup;
			children = (
				B24363671A05E0D400CA11C4 /* Base */,
			);
			name = Main.storyboard;
			sourceTree = "<group>";
		};
		B243636B1A05E0D400CA11C4 /* LaunchScreen.xib */ = {
			isa = PBXVariantGroup;
			children = (
				B243636C1A05E0D400CA11C4 /* Base */,
			);
			name = LaunchScreen.xib;
			sourceTree = "<group>";
		};
/* End PBXVariantGroup section */

/* Begin XCBuildConfiguration section */
		B243637A1A05E0D400CA11C4 /* Debug */ = {
			isa = XCBuildConfiguration;
			buildSettings = {
				ALWAYS_SEARCH_USER_PATHS = NO;
				CLANG_CXX_LANGUAGE_STANDARD = "gnu++0x";
				CLANG_CXX_LIBRARY = "libc++";
				CLANG_ENABLE_MODULES = YES;
				CLANG_ENABLE_OBJC_ARC = YES;
				CLANG_WARN_BOOL_CONVERSION = YES;
				CLANG_WARN_CONSTANT_CONVERSION = YES;
				CLANG_WARN_DIRECT_OBJC_ISA_USAGE = YES_ERROR;
				CLANG_WARN_EMPTY_BODY = YES;
				CLANG_WARN_ENUM_CONVERSION = YES;
				CLANG_WARN_INT_CONVERSION = YES;
				CLANG_WARN_OBJC_ROOT_CLASS = YES_ERROR;
				CLANG_WARN_UNREACHABLE_CODE = YES;
				CLANG_WARN__DUPLICATE_METHOD_MATCH = YES;
				"CODE_SIGN_IDENTITY[sdk=iphoneos*]" = "iPhone Developer";
				COPY_PHASE_STRIP = NO;
				ENABLE_STRICT_OBJC_MSGSEND = YES;
				GCC_C_LANGUAGE_STANDARD = gnu99;
				GCC_DYNAMIC_NO_PIC = NO;
				GCC_OPTIMIZATION_LEVEL = 0;
				GCC_PREPROCESSOR_DEFINITIONS = (
					"DEBUG=1",
					"$(inherited)",
				);
				GCC_SYMBOLS_PRIVATE_EXTERN = NO;
				GCC_WARN_64_TO_32_BIT_CONVERSION = YES;
				GCC_WARN_ABOUT_RETURN_TYPE = YES_ERROR;
				GCC_WARN_UNDECLARED_SELECTOR = YES;
				GCC_WARN_UNINITIALIZED_AUTOS = YES_AGGRESSIVE;
				GCC_WARN_UNUSED_FUNCTION = YES;
				GCC_WARN_UNUSED_VARIABLE = YES;
				IPHONEOS_DEPLOYMENT_TARGET = 8.1;
				MTL_ENABLE_DEBUG_INFO = YES;
				ONLY_ACTIVE_ARCH = YES;
				SDKROOT = iphoneos;
				SWIFT_OPTIMIZATION_LEVEL = "-Onone";
			};
			name = Debug;
		};
		B243637B1A05E0D400CA11C4 /* Release */ = {
			isa = XCBuildConfiguration;
			buildSettings = {
				ALWAYS_SEARCH_USER_PATHS = NO;
				CLANG_CXX_LANGUAGE_STANDARD = "gnu++0x";
				CLANG_CXX_LIBRARY = "libc++";
				CLANG_ENABLE_MODULES = YES;
				CLANG_ENABLE_OBJC_ARC = YES;
				CLANG_WARN_BOOL_CONVERSION = YES;
				CLANG_WARN_CONSTANT_CONVERSION = YES;
				CLANG_WARN_DIRECT_OBJC_ISA_USAGE = YES_ERROR;
				CLANG_WARN_EMPTY_BODY = YES;
				CLANG_WARN_ENUM_CONVERSION = YES;
				CLANG_WARN_INT_CONVERSION = YES;
				CLANG_WARN_OBJC_ROOT_CLASS = YES_ERROR;
				CLANG_WARN_UNREACHABLE_CODE = YES;
				CLANG_WARN__DUPLICATE_METHOD_MATCH = YES;
				"CODE_SIGN_IDENTITY[sdk=iphoneos*]" = "iPhone Developer";
				COPY_PHASE_STRIP = YES;
				ENABLE_NS_ASSERTIONS = NO;
				ENABLE_STRICT_OBJC_MSGSEND = YES;
				GCC_C_LANGUAGE_STANDARD = gnu99;
				GCC_WARN_64_TO_32_BIT_CONVERSION = YES;
				GCC_WARN_ABOUT_RETURN_TYPE = YES_ERROR;
				GCC_WARN_UNDECLARED_SELECTOR = YES;
				GCC_WARN_UNINITIALIZED_AUTOS = YES_AGGRESSIVE;
				GCC_WARN_UNUSED_FUNCTION = YES;
				GCC_WARN_UNUSED_VARIABLE = YES;
				IPHONEOS_DEPLOYMENT_TARGET = 8.1;
				MTL_ENABLE_DEBUG_INFO = NO;
				SDKROOT = iphoneos;
				VALIDATE_PRODUCT = YES;
			};
			name = Release;
		};
		B243637D1A05E0D400CA11C4 /* Debug */ = {
			isa = XCBuildConfiguration;
			buildSettings = {
				ASSETCATALOG_COMPILER_APPICON_NAME = AppIcon;
				INFOPLIST_FILE = Calculator/Info.plist;
				LD_RUNPATH_SEARCH_PATHS = "$(inherited) @executable_path/Frameworks";
				PRODUCT_NAME = "$(TARGET_NAME)";
			};
			name = Debug;
		};
		B243637E1A05E0D400CA11C4 /* Release */ = {
			isa = XCBuildConfiguration;
			buildSettings = {
				ASSETCATALOG_COMPILER_APPICON_NAME = AppIcon;
				INFOPLIST_FILE = Calculator/Info.plist;
				LD_RUNPATH_SEARCH_PATHS = "$(inherited) @executable_path/Frameworks";
				PRODUCT_NAME = "$(TARGET_NAME)";
			};
			name = Release;
		};
		B24363801A05E0D400CA11C4 /* Debug */ = {
			isa = XCBuildConfiguration;
			buildSettings = {
				BUNDLE_LOADER = "$(TEST_HOST)";
				FRAMEWORK_SEARCH_PATHS = (
					"$(SDKROOT)/Developer/Library/Frameworks",
					"$(inherited)",
				);
				GCC_PREPROCESSOR_DEFINITIONS = (
					"DEBUG=1",
					"$(inherited)",
				);
				INFOPLIST_FILE = CalculatorTests/Info.plist;
				LD_RUNPATH_SEARCH_PATHS = "$(inherited) @executable_path/Frameworks @loader_path/Frameworks";
				PRODUCT_NAME = "$(TARGET_NAME)";
				TEST_HOST = "$(BUILT_PRODUCTS_DIR)/Calculator.app/Calculator";
			};
			name = Debug;
		};
		B24363811A05E0D400CA11C4 /* Release */ = {
			isa = XCBuildConfiguration;
			buildSettings = {
				BUNDLE_LOADER = "$(TEST_HOST)";
				FRAMEWORK_SEARCH_PATHS = (
					"$(SDKROOT)/Developer/Library/Frameworks",
					"$(inherited)",
				);
				INFOPLIST_FILE = CalculatorTests/Info.plist;
				LD_RUNPATH_SEARCH_PATHS = "$(inherited) @executable_path/Frameworks @loader_path/Frameworks";
				PRODUCT_NAME = "$(TARGET_NAME)";
				TEST_HOST = "$(BUILT_PRODUCTS_DIR)/Calculator.app/Calculator";
			};
			name = Release;
		};
/* End XCBuildConfiguration section */

/* Begin XCConfigurationList section */
		B24363581A05E0D400CA11C4 /* Build configuration list for PBXProject "Calculator" */ = {
			isa = XCConfigurationList;
			buildConfigurations = (
				B243637A1A05E0D400CA11C4 /* Debug */,
				B243637B1A05E0D400CA11C4 /* Release */,
			);
			defaultConfigurationIsVisible = 0;
			defaultConfigurationName = Release;
		};
		B243637C1A05E0D400CA11C4 /* Build configuration list for PBXNativeTarget "Calculator" */ = {
			isa = XCConfigurationList;
			buildConfigurations = (
				B243637D1A05E0D400CA11C4 /* Debug */,
				B243637E1A05E0D400CA11C4 /* Release */,
			);
			defaultConfigurationIsVisible = 0;
		};
		B243637F1A05E0D400CA11C4 /* Build configuration list for PBXNativeTarget "CalculatorTests" */ = {
			isa = XCConfigurationList;
			buildConfigurations = (
				B24363801A05E0D400CA11C4 /* Debug */,
				B24363811A05E0D400CA11C4 /* Release */,
			);
			defaultConfigurationIsVisible = 0;
		};
/* End XCConfigurationList section */
	};
	rootObject = B24363551A05E0D400CA11C4 /* Project object */;
}
